
Microsoft Visual Studio Solution File, Format Version 12.00
# Visual Studio 15
VisualStudioVersion = 15.0.27428.2037
MinimumVisualStudioVersion = 10.0.40219.1
Project("{FAE04EC0-301F-11D3-BF4B-00C04F79EFBC}") = "Recursive", "Recursive\Recursive.csproj", "{57BDD46A-0BBD-468F-9CC6-0BC9B50CEEB3}"
EndProject
Global
	GlobalSection(SolutionConfigurationPlatforms) = preSolution
		Debug|Any CPU = Debug|Any CPU
		Release|Any CPU = Release|Any CPU
	EndGlobalSection
	GlobalSection(ProjectConfigurationPlatforms) = postSolution
		{57BDD46A-0BBD-468F-9CC6-0BC9B50CEEB3}.Debug|Any CPU.ActiveCfg = Debug|Any CPU
		{57BDD46A-0BBD-468F-9CC6-0BC9B50CEEB3}.Debug|Any CPU.Build.0 = Debug|Any CPU
		{57BDD46A-0BBD-468F-9CC6-0BC9B50CEEB3}.Release|Any CPU.ActiveCfg = Release|Any CPU
		{57BDD46A-0BBD-468F-9CC6-0BC9B50CEEB3}.Release|Any CPU.Build.0 = Release|Any CPU
	EndGlobalSection
	GlobalSection(SolutionProperties) = preSolution
		HideSolutionNode = FALSE
	EndGlobalSection
	GlobalSection(ExtensibilityGlobals) = postSolution
		SolutionGuid = {52928383-E47E-407B-A2C4-DC24DA89DBA7}
	EndGlobalSection
EndGlobal
